
Microsoft Visual Studio Solution File, Format Version 12.00
# Visual Studio 15
VisualStudioVersion = 15.0.28307.421
MinimumVisualStudioVersion = 10.0.40219.1
Project("{FAE04EC0-301F-11D3-BF4B-00C04F79EFBC}") = "CourierManagement", "CourierManagement\CourierManagement.csproj", "{081FEB02-25C7-42B4-8FB2-E77872189D71}"
EndProject
Project("{9A19103F-16F7-4668-BE54-9A1E7A4F7556}") = "CourierManagement.Core", "CourierManagement.Core\CourierManagement.Core.csproj", "{193D308C-D465-416C-A05C-8157DD80A6B4}"
EndProject
Project("{9A19103F-16F7-4668-BE54-9A1E7A4F7556}") = "CourierManagement.DataAccess", "CourierManagement.DataAccess\CourierManagement.DataAccess.csproj", "{57951BC0-AE91-42D7-969D-93A7C8D1DFD6}"
EndProject
Project("{FAE04EC0-301F-11D3-BF4B-00C04F79EFBC}") = "CourierManagement.API", "CourierManagement.API\CourierManagement.API.csproj", "{E4FE3AD9-ED98-446D-8686-CC9420DC09C2}"
EndProject
Global
	GlobalSection(SolutionConfigurationPlatforms) = preSolution
		Debug|Any CPU = Debug|Any CPU
		Debug|ARM = Debug|ARM
		Debug|x64 = Debug|x64
		Debug|x86 = Debug|x86
		Release|Any CPU = Release|Any CPU
		Release|ARM = Release|ARM
		Release|x64 = Release|x64
		Release|x86 = Release|x86
	EndGlobalSection
	GlobalSection(ProjectConfigurationPlatforms) = postSolution
		{081FEB02-25C7-42B4-8FB2-E77872189D71}.Debug|Any CPU.ActiveCfg = Debug|x86
		{081FEB02-25C7-42B4-8FB2-E77872189D71}.Debug|ARM.ActiveCfg = Debug|ARM
		{081FEB02-25C7-42B4-8FB2-E77872189D71}.Debug|ARM.Build.0 = Debug|ARM
		{081FEB02-25C7-42B4-8FB2-E77872189D71}.Debug|ARM.Deploy.0 = Debug|ARM
		{081FEB02-25C7-42B4-8FB2-E77872189D71}.Debug|x64.ActiveCfg = Debug|x64
		{081FEB02-25C7-42B4-8FB2-E77872189D71}.Debug|x64.Build.0 = Debug|x64
		{081FEB02-25C7-42B4-8FB2-E77872189D71}.Debug|x64.Deploy.0 = Debug|x64
		{081FEB02-25C7-42B4-8FB2-E77872189D71}.Debug|x86.ActiveCfg = Debug|x86
		{081FEB02-25C7-42B4-8FB2-E77872189D71}.Debug|x86.Build.0 = Debug|x86
		{081FEB02-25C7-42B4-8FB2-E77872189D71}.Debug|x86.Deploy.0 = Debug|x86
		{081FEB02-25C7-42B4-8FB2-E77872189D71}.Release|Any CPU.ActiveCfg = Release|x86
		{081FEB02-25C7-42B4-8FB2-E77872189D71}.Release|ARM.ActiveCfg = Release|ARM
		{081FEB02-25C7-42B4-8FB2-E77872189D71}.Release|ARM.Build.0 = Release|ARM
		{081FEB02-25C7-42B4-8FB2-E77872189D71}.Release|ARM.Deploy.0 = Release|ARM
		{081FEB02-25C7-42B4-8FB2-E77872189D71}.Release|x64.ActiveCfg = Release|x64
		{081FEB02-25C7-42B4-8FB2-E77872189D71}.Release|x64.Build.0 = Release|x64
		{081FEB02-25C7-42B4-8FB2-E77872189D71}.Release|x64.Deploy.0 = Release|x64
		{081FEB02-25C7-42B4-8FB2-E77872189D71}.Release|x86.ActiveCfg = Release|x86
		{081FEB02-25C7-42B4-8FB2-E77872189D71}.Release|x86.Build.0 = Release|x86
		{081FEB02-25C7-42B4-8FB2-E77872189D71}.Release|x86.Deploy.0 = Release|x86
		{193D308C-D465-416C-A05C-8157DD80A6B4}.Debug|Any CPU.ActiveCfg = Debug|Any CPU
		{193D308C-D465-416C-A05C-8157DD80A6B4}.Debug|Any CPU.Build.0 = Debug|Any CPU
		{193D308C-D465-416C-A05C-8157DD80A6B4}.Debug|ARM.ActiveCfg = Debug|Any CPU
		{193D308C-D465-416C-A05C-8157DD80A6B4}.Debug|ARM.Build.0 = Debug|Any CPU
		{193D308C-D465-416C-A05C-8157DD80A6B4}.Debug|x64.ActiveCfg = Debug|Any CPU
		{193D308C-D465-416C-A05C-8157DD80A6B4}.Debug|x64.Build.0 = Debug|Any CPU
		{193D308C-D465-416C-A05C-8157DD80A6B4}.Debug|x86.ActiveCfg = Debug|Any CPU
		{193D308C-D465-416C-A05C-8157DD80A6B4}.Debug|x86.Build.0 = Debug|Any CPU
		{193D308C-D465-416C-A05C-8157DD80A6B4}.Release|Any CPU.ActiveCfg = Release|Any CPU
		{193D308C-D465-416C-A05C-8157DD80A6B4}.Release|Any CPU.Build.0 = Release|Any CPU
		{193D308C-D465-416C-A05C-8157DD80A6B4}.Release|ARM.ActiveCfg = Release|Any CPU
		{193D308C-D465-416C-A05C-8157DD80A6B4}.Release|ARM.Build.0 = Release|Any CPU
		{193D308C-D465-416C-A05C-8157DD80A6B4}.Release|x64.ActiveCfg = Release|Any CPU
		{193D308C-D465-416C-A05C-8157DD80A6B4}.Release|x64.Build.0 = Release|Any CPU
		{193D308C-D465-416C-A05C-8157DD80A6B4}.Release|x86.ActiveCfg = Release|Any CPU
		{193D308C-D465-416C-A05C-8157DD80A6B4}.Release|x86.Build.0 = Release|Any CPU
		{57951BC0-AE91-42D7-969D-93A7C8D1DFD6}.Debug|Any CPU.ActiveCfg = Debug|Any CPU
		{57951BC0-AE91-42D7-969D-93A7C8D1DFD6}.Debug|Any CPU.Build.0 = Debug|Any CPU
		{57951BC0-AE91-42D7-969D-93A7C8D1DFD6}.Debug|ARM.ActiveCfg = Debug|Any CPU
		{57951BC0-AE91-42D7-969D-93A7C8D1DFD6}.Debug|ARM.Build.0 = Debug|Any CPU
		{57951BC0-AE91-42D7-969D-93A7C8D1DFD6}.Debug|x64.ActiveCfg = Debug|Any CPU
		{57951BC0-AE91-42D7-969D-93A7C8D1DFD6}.Debug|x64.Build.0 = Debug|Any CPU
		{57951BC0-AE91-42D7-969D-93A7C8D1DFD6}.Debug|x86.ActiveCfg = Debug|Any CPU
		{57951BC0-AE91-42D7-969D-93A7C8D1DFD6}.Debug|x86.Build.0 = Debug|Any CPU
		{57951BC0-AE91-42D7-969D-93A7C8D1DFD6}.Release|Any CPU.ActiveCfg = Release|Any CPU
		{57951BC0-AE91-42D7-969D-93A7C8D1DFD6}.Release|Any CPU.Build.0 = Release|Any CPU
		{57951BC0-AE91-42D7-969D-93A7C8D1DFD6}.Release|ARM.ActiveCfg = Release|Any CPU
		{57951BC0-AE91-42D7-969D-93A7C8D1DFD6}.Release|ARM.Build.0 = Release|Any CPU
		{57951BC0-AE91-42D7-969D-93A7C8D1DFD6}.Release|x64.ActiveCfg = Release|Any CPU
		{57951BC0-AE91-42D7-969D-93A7C8D1DFD6}.Release|x64.Build.0 = Release|Any CPU
		{57951BC0-AE91-42D7-969D-93A7C8D1DFD6}.Release|x86.ActiveCfg = Release|Any CPU
		{57951BC0-AE91-42D7-969D-93A7C8D1DFD6}.Release|x86.Build.0 = Release|Any CPU
		{E4FE3AD9-ED98-446D-8686-CC9420DC09C2}.Debug|Any CPU.ActiveCfg = Debug|Any CPU
		{E4FE3AD9-ED98-446D-8686-CC9420DC09C2}.Debug|Any CPU.Build.0 = Debug|Any CPU
		{E4FE3AD9-ED98-446D-8686-CC9420DC09C2}.Debug|ARM.ActiveCfg = Debug|Any CPU
		{E4FE3AD9-ED98-446D-8686-CC9420DC09C2}.Debug|ARM.Build.0 = Debug|Any CPU
		{E4FE3AD9-ED98-446D-8686-CC9420DC09C2}.Debug|x64.ActiveCfg = Debug|Any CPU
		{E4FE3AD9-ED98-446D-8686-CC9420DC09C2}.Debug|x64.Build.0 = Debug|Any CPU
		{E4FE3AD9-ED98-446D-8686-CC9420DC09C2}.Debug|x86.ActiveCfg = Debug|Any CPU
		{E4FE3AD9-ED98-446D-8686-CC9420DC09C2}.Debug|x86.Build.0 = Debug|Any CPU
		{E4FE3AD9-ED98-446D-8686-CC9420DC09C2}.Release|Any CPU.ActiveCfg = Release|Any CPU
		{E4FE3AD9-ED98-446D-8686-CC9420DC09C2}.Release|Any CPU.Build.0 = Release|Any CPU
		{E4FE3AD9-ED98-446D-8686-CC9420DC09C2}.Release|ARM.ActiveCfg = Release|Any CPU
		{E4FE3AD9-ED98-446D-8686-CC9420DC09C2}.Release|ARM.Build.0 = Release|Any CPU
		{E4FE3AD9-ED98-446D-8686-CC9420DC09C2}.Release|x64.ActiveCfg = Release|Any CPU
		{E4FE3AD9-ED98-446D-8686-CC9420DC09C2}.Release|x64.Build.0 = Release|Any CPU
		{E4FE3AD9-ED98-446D-8686-CC9420DC09C2}.Release|x86.ActiveCfg = Release|Any CPU
		{E4FE3AD9-ED98-446D-8686-CC9420DC09C2}.Release|x86.Build.0 = Release|Any CPU
	EndGlobalSection
	GlobalSection(SolutionProperties) = preSolution
		HideSolutionNode = FALSE
	EndGlobalSection
	GlobalSection(ExtensibilityGlobals) = postSolution
		SolutionGuid = {1D30D709-051E-428E-AC56-4A7327DD4AD5}
	EndGlobalSection
EndGlobal
