
Microsoft Visual Studio Solution File, Format Version 12.00
# Visual Studio 15
VisualStudioVersion = 15.0.28307.539
MinimumVisualStudioVersion = 10.0.40219.1
Project("{FAE04EC0-301F-11D3-BF4B-00C04F79EFBC}") = "CourierManagement.Mobile.Android", "CourierManagement.Mobile\CourierManagement.Mobile.Android\CourierManagement.Mobile.Android.csproj", "{24CE3C36-16B9-426D-AA0C-5961ECF8D88C}"
EndProject
Project("{FAE04EC0-301F-11D3-BF4B-00C04F79EFBC}") = "CourierManagement.Mobile.iOS", "CourierManagement.Mobile\CourierManagement.Mobile.iOS\CourierManagement.Mobile.iOS.csproj", "{776D2222-0554-45C1-9931-FF7B429F612E}"
EndProject
Project("{FAE04EC0-301F-11D3-BF4B-00C04F79EFBC}") = "CourierManagement.Mobile", "CourierManagement.Mobile\CourierManagement.Mobile\CourierManagement.Mobile.csproj", "{87DBF037-7519-49DD-9D77-E5230DE867CE}"
EndProject
Project("{9A19103F-16F7-4668-BE54-9A1E7A4F7556}") = "CourierManagement.Core", "CourierManagement.Core\CourierManagement.Core.csproj", "{81FB3893-D663-477C-86B9-2FBABDA3E569}"
EndProject
Global
	GlobalSection(SolutionConfigurationPlatforms) = preSolution
		Debug|Any CPU = Debug|Any CPU
		Debug|iPhone = Debug|iPhone
		Debug|iPhoneSimulator = Debug|iPhoneSimulator
		Release|Any CPU = Release|Any CPU
		Release|iPhone = Release|iPhone
		Release|iPhoneSimulator = Release|iPhoneSimulator
	EndGlobalSection
	GlobalSection(ProjectConfigurationPlatforms) = postSolution
		{24CE3C36-16B9-426D-AA0C-5961ECF8D88C}.Debug|Any CPU.ActiveCfg = Debug|Any CPU
		{24CE3C36-16B9-426D-AA0C-5961ECF8D88C}.Debug|Any CPU.Build.0 = Debug|Any CPU
		{24CE3C36-16B9-426D-AA0C-5961ECF8D88C}.Debug|Any CPU.Deploy.0 = Debug|Any CPU
		{24CE3C36-16B9-426D-AA0C-5961ECF8D88C}.Debug|iPhone.ActiveCfg = Debug|Any CPU
		{24CE3C36-16B9-426D-AA0C-5961ECF8D88C}.Debug|iPhone.Build.0 = Debug|Any CPU
		{24CE3C36-16B9-426D-AA0C-5961ECF8D88C}.Debug|iPhone.Deploy.0 = Debug|Any CPU
		{24CE3C36-16B9-426D-AA0C-5961ECF8D88C}.Debug|iPhoneSimulator.ActiveCfg = Debug|Any CPU
		{24CE3C36-16B9-426D-AA0C-5961ECF8D88C}.Debug|iPhoneSimulator.Build.0 = Debug|Any CPU
		{24CE3C36-16B9-426D-AA0C-5961ECF8D88C}.Debug|iPhoneSimulator.Deploy.0 = Debug|Any CPU
		{24CE3C36-16B9-426D-AA0C-5961ECF8D88C}.Release|Any CPU.ActiveCfg = Release|Any CPU
		{24CE3C36-16B9-426D-AA0C-5961ECF8D88C}.Release|Any CPU.Build.0 = Release|Any CPU
		{24CE3C36-16B9-426D-AA0C-5961ECF8D88C}.Release|Any CPU.Deploy.0 = Release|Any CPU
		{24CE3C36-16B9-426D-AA0C-5961ECF8D88C}.Release|iPhone.ActiveCfg = Release|Any CPU
		{24CE3C36-16B9-426D-AA0C-5961ECF8D88C}.Release|iPhone.Build.0 = Release|Any CPU
		{24CE3C36-16B9-426D-AA0C-5961ECF8D88C}.Release|iPhone.Deploy.0 = Release|Any CPU
		{24CE3C36-16B9-426D-AA0C-5961ECF8D88C}.Release|iPhoneSimulator.ActiveCfg = Release|Any CPU
		{24CE3C36-16B9-426D-AA0C-5961ECF8D88C}.Release|iPhoneSimulator.Build.0 = Release|Any CPU
		{24CE3C36-16B9-426D-AA0C-5961ECF8D88C}.Release|iPhoneSimulator.Deploy.0 = Release|Any CPU
		{776D2222-0554-45C1-9931-FF7B429F612E}.Debug|Any CPU.ActiveCfg = Debug|iPhoneSimulator
		{776D2222-0554-45C1-9931-FF7B429F612E}.Debug|Any CPU.Build.0 = Debug|iPhoneSimulator
		{776D2222-0554-45C1-9931-FF7B429F612E}.Debug|Any CPU.Deploy.0 = Debug|iPhoneSimulator
		{776D2222-0554-45C1-9931-FF7B429F612E}.Debug|iPhone.ActiveCfg = Debug|iPhone
		{776D2222-0554-45C1-9931-FF7B429F612E}.Debug|iPhone.Build.0 = Debug|iPhone
		{776D2222-0554-45C1-9931-FF7B429F612E}.Debug|iPhone.Deploy.0 = Debug|iPhone
		{776D2222-0554-45C1-9931-FF7B429F612E}.Debug|iPhoneSimulator.ActiveCfg = Debug|iPhoneSimulator
		{776D2222-0554-45C1-9931-FF7B429F612E}.Debug|iPhoneSimulator.Build.0 = Debug|iPhoneSimulator
		{776D2222-0554-45C1-9931-FF7B429F612E}.Debug|iPhoneSimulator.Deploy.0 = Debug|iPhoneSimulator
		{776D2222-0554-45C1-9931-FF7B429F612E}.Release|Any CPU.ActiveCfg = Release|iPhone
		{776D2222-0554-45C1-9931-FF7B429F612E}.Release|Any CPU.Build.0 = Release|iPhone
		{776D2222-0554-45C1-9931-FF7B429F612E}.Release|Any CPU.Deploy.0 = Release|iPhone
		{776D2222-0554-45C1-9931-FF7B429F612E}.Release|iPhone.ActiveCfg = Release|iPhone
		{776D2222-0554-45C1-9931-FF7B429F612E}.Release|iPhone.Build.0 = Release|iPhone
		{776D2222-0554-45C1-9931-FF7B429F612E}.Release|iPhone.Deploy.0 = Release|iPhone
		{776D2222-0554-45C1-9931-FF7B429F612E}.Release|iPhoneSimulator.ActiveCfg = Release|iPhoneSimulator
		{776D2222-0554-45C1-9931-FF7B429F612E}.Release|iPhoneSimulator.Build.0 = Release|iPhoneSimulator
		{776D2222-0554-45C1-9931-FF7B429F612E}.Release|iPhoneSimulator.Deploy.0 = Release|iPhoneSimulator
		{87DBF037-7519-49DD-9D77-E5230DE867CE}.Debug|Any CPU.ActiveCfg = Debug|Any CPU
		{87DBF037-7519-49DD-9D77-E5230DE867CE}.Debug|Any CPU.Build.0 = Debug|Any CPU
		{87DBF037-7519-49DD-9D77-E5230DE867CE}.Debug|Any CPU.Deploy.0 = Debug|Any CPU
		{87DBF037-7519-49DD-9D77-E5230DE867CE}.Debug|iPhone.ActiveCfg = Debug|Any CPU
		{87DBF037-7519-49DD-9D77-E5230DE867CE}.Debug|iPhone.Build.0 = Debug|Any CPU
		{87DBF037-7519-49DD-9D77-E5230DE867CE}.Debug|iPhone.Deploy.0 = Debug|Any CPU
		{87DBF037-7519-49DD-9D77-E5230DE867CE}.Debug|iPhoneSimulator.ActiveCfg = Debug|Any CPU
		{87DBF037-7519-49DD-9D77-E5230DE867CE}.Debug|iPhoneSimulator.Build.0 = Debug|Any CPU
		{87DBF037-7519-49DD-9D77-E5230DE867CE}.Debug|iPhoneSimulator.Deploy.0 = Debug|Any CPU
		{87DBF037-7519-49DD-9D77-E5230DE867CE}.Release|Any CPU.ActiveCfg = Release|Any CPU
		{87DBF037-7519-49DD-9D77-E5230DE867CE}.Release|Any CPU.Build.0 = Release|Any CPU
		{87DBF037-7519-49DD-9D77-E5230DE867CE}.Release|Any CPU.Deploy.0 = Release|Any CPU
		{87DBF037-7519-49DD-9D77-E5230DE867CE}.Release|iPhone.ActiveCfg = Release|Any CPU
		{87DBF037-7519-49DD-9D77-E5230DE867CE}.Release|iPhone.Build.0 = Release|Any CPU
		{87DBF037-7519-49DD-9D77-E5230DE867CE}.Release|iPhone.Deploy.0 = Release|Any CPU
		{87DBF037-7519-49DD-9D77-E5230DE867CE}.Release|iPhoneSimulator.ActiveCfg = Release|Any CPU
		{87DBF037-7519-49DD-9D77-E5230DE867CE}.Release|iPhoneSimulator.Build.0 = Release|Any CPU
		{87DBF037-7519-49DD-9D77-E5230DE867CE}.Release|iPhoneSimulator.Deploy.0 = Release|Any CPU
		{81FB3893-D663-477C-86B9-2FBABDA3E569}.Debug|Any CPU.ActiveCfg = Debug|Any CPU
		{81FB3893-D663-477C-86B9-2FBABDA3E569}.Debug|Any CPU.Build.0 = Debug|Any CPU
		{81FB3893-D663-477C-86B9-2FBABDA3E569}.Debug|iPhone.ActiveCfg = Debug|Any CPU
		{81FB3893-D663-477C-86B9-2FBABDA3E569}.Debug|iPhone.Build.0 = Debug|Any CPU
		{81FB3893-D663-477C-86B9-2FBABDA3E569}.Debug|iPhoneSimulator.ActiveCfg = Debug|Any CPU
		{81FB3893-D663-477C-86B9-2FBABDA3E569}.Debug|iPhoneSimulator.Build.0 = Debug|Any CPU
		{81FB3893-D663-477C-86B9-2FBABDA3E569}.Release|Any CPU.ActiveCfg = Release|Any CPU
		{81FB3893-D663-477C-86B9-2FBABDA3E569}.Release|Any CPU.Build.0 = Release|Any CPU
		{81FB3893-D663-477C-86B9-2FBABDA3E569}.Release|iPhone.ActiveCfg = Release|Any CPU
		{81FB3893-D663-477C-86B9-2FBABDA3E569}.Release|iPhone.Build.0 = Release|Any CPU
		{81FB3893-D663-477C-86B9-2FBABDA3E569}.Release|iPhoneSimulator.ActiveCfg = Release|Any CPU
		{81FB3893-D663-477C-86B9-2FBABDA3E569}.Release|iPhoneSimulator.Build.0 = Release|Any CPU
	EndGlobalSection
	GlobalSection(SolutionProperties) = preSolution
		HideSolutionNode = FALSE
	EndGlobalSection
	GlobalSection(ExtensibilityGlobals) = postSolution
		SolutionGuid = {3565F640-4DBD-49F6-B06E-73A2A71479E1}
	EndGlobalSection
EndGlobal
