
Microsoft Visual Studio Solution File, Format Version 12.00
# Visual Studio 15
VisualStudioVersion = 15.0.28307.421
MinimumVisualStudioVersion = 10.0.40219.1
Project("{FAE04EC0-301F-11D3-BF4B-00C04F79EFBC}") = "CourierManagement", "CourierManagement.csproj", "{94E904A6-4325-46FB-97C1-87B0016E4F1D}"
EndProject
Project("{FAE04EC0-301F-11D3-BF4B-00C04F79EFBC}") = "CourierManagement.ViewModels", "CourierManagement.ViewModels\CourierManagement.ViewModels.csproj", "{CE697591-31BA-4EFD-9A5C-F40C5D6F3627}"
EndProject
Project("{FAE04EC0-301F-11D3-BF4B-00C04F79EFBC}") = "CourierManagement.Models", "..\CourierManagement.Models\CourierManagement.Models.csproj", "{78E4D47B-CBF3-4CF0-85A8-1C91694EB6AC}"
EndProject
Global
	GlobalSection(SolutionConfigurationPlatforms) = preSolution
		Debug|Any CPU = Debug|Any CPU
		Debug|ARM = Debug|ARM
		Debug|ARM64 = Debug|ARM64
		Debug|x64 = Debug|x64
		Debug|x86 = Debug|x86
		Release|Any CPU = Release|Any CPU
		Release|ARM = Release|ARM
		Release|ARM64 = Release|ARM64
		Release|x64 = Release|x64
		Release|x86 = Release|x86
	EndGlobalSection
	GlobalSection(ProjectConfigurationPlatforms) = postSolution
		{94E904A6-4325-46FB-97C1-87B0016E4F1D}.Debug|Any CPU.ActiveCfg = Debug|x86
		{94E904A6-4325-46FB-97C1-87B0016E4F1D}.Debug|ARM.ActiveCfg = Debug|ARM
		{94E904A6-4325-46FB-97C1-87B0016E4F1D}.Debug|ARM.Build.0 = Debug|ARM
		{94E904A6-4325-46FB-97C1-87B0016E4F1D}.Debug|ARM.Deploy.0 = Debug|ARM
		{94E904A6-4325-46FB-97C1-87B0016E4F1D}.Debug|ARM64.ActiveCfg = Debug|ARM64
		{94E904A6-4325-46FB-97C1-87B0016E4F1D}.Debug|ARM64.Build.0 = Debug|ARM64
		{94E904A6-4325-46FB-97C1-87B0016E4F1D}.Debug|ARM64.Deploy.0 = Debug|ARM64
		{94E904A6-4325-46FB-97C1-87B0016E4F1D}.Debug|x64.ActiveCfg = Debug|x64
		{94E904A6-4325-46FB-97C1-87B0016E4F1D}.Debug|x64.Build.0 = Debug|x64
		{94E904A6-4325-46FB-97C1-87B0016E4F1D}.Debug|x64.Deploy.0 = Debug|x64
		{94E904A6-4325-46FB-97C1-87B0016E4F1D}.Debug|x86.ActiveCfg = Debug|x86
		{94E904A6-4325-46FB-97C1-87B0016E4F1D}.Debug|x86.Build.0 = Debug|x86
		{94E904A6-4325-46FB-97C1-87B0016E4F1D}.Debug|x86.Deploy.0 = Debug|x86
		{94E904A6-4325-46FB-97C1-87B0016E4F1D}.Release|Any CPU.ActiveCfg = Release|x86
		{94E904A6-4325-46FB-97C1-87B0016E4F1D}.Release|ARM.ActiveCfg = Release|ARM
		{94E904A6-4325-46FB-97C1-87B0016E4F1D}.Release|ARM.Build.0 = Release|ARM
		{94E904A6-4325-46FB-97C1-87B0016E4F1D}.Release|ARM.Deploy.0 = Release|ARM
		{94E904A6-4325-46FB-97C1-87B0016E4F1D}.Release|ARM64.ActiveCfg = Release|ARM64
		{94E904A6-4325-46FB-97C1-87B0016E4F1D}.Release|ARM64.Build.0 = Release|ARM64
		{94E904A6-4325-46FB-97C1-87B0016E4F1D}.Release|ARM64.Deploy.0 = Release|ARM64
		{94E904A6-4325-46FB-97C1-87B0016E4F1D}.Release|x64.ActiveCfg = Release|x64
		{94E904A6-4325-46FB-97C1-87B0016E4F1D}.Release|x64.Build.0 = Release|x64
		{94E904A6-4325-46FB-97C1-87B0016E4F1D}.Release|x64.Deploy.0 = Release|x64
		{94E904A6-4325-46FB-97C1-87B0016E4F1D}.Release|x86.ActiveCfg = Release|x86
		{94E904A6-4325-46FB-97C1-87B0016E4F1D}.Release|x86.Build.0 = Release|x86
		{94E904A6-4325-46FB-97C1-87B0016E4F1D}.Release|x86.Deploy.0 = Release|x86
		{CE697591-31BA-4EFD-9A5C-F40C5D6F3627}.Debug|Any CPU.ActiveCfg = Debug|Any CPU
		{CE697591-31BA-4EFD-9A5C-F40C5D6F3627}.Debug|Any CPU.Build.0 = Debug|Any CPU
		{CE697591-31BA-4EFD-9A5C-F40C5D6F3627}.Debug|ARM.ActiveCfg = Debug|ARM
		{CE697591-31BA-4EFD-9A5C-F40C5D6F3627}.Debug|ARM.Build.0 = Debug|ARM
		{CE697591-31BA-4EFD-9A5C-F40C5D6F3627}.Debug|ARM64.ActiveCfg = Debug|ARM64
		{CE697591-31BA-4EFD-9A5C-F40C5D6F3627}.Debug|ARM64.Build.0 = Debug|ARM64
		{CE697591-31BA-4EFD-9A5C-F40C5D6F3627}.Debug|x64.ActiveCfg = Debug|x64
		{CE697591-31BA-4EFD-9A5C-F40C5D6F3627}.Debug|x64.Build.0 = Debug|x64
		{CE697591-31BA-4EFD-9A5C-F40C5D6F3627}.Debug|x86.ActiveCfg = Debug|x86
		{CE697591-31BA-4EFD-9A5C-F40C5D6F3627}.Debug|x86.Build.0 = Debug|x86
		{CE697591-31BA-4EFD-9A5C-F40C5D6F3627}.Release|Any CPU.ActiveCfg = Release|Any CPU
		{CE697591-31BA-4EFD-9A5C-F40C5D6F3627}.Release|Any CPU.Build.0 = Release|Any CPU
		{CE697591-31BA-4EFD-9A5C-F40C5D6F3627}.Release|ARM.ActiveCfg = Release|ARM
		{CE697591-31BA-4EFD-9A5C-F40C5D6F3627}.Release|ARM.Build.0 = Release|ARM
		{CE697591-31BA-4EFD-9A5C-F40C5D6F3627}.Release|ARM64.ActiveCfg = Release|ARM64
		{CE697591-31BA-4EFD-9A5C-F40C5D6F3627}.Release|ARM64.Build.0 = Release|ARM64
		{CE697591-31BA-4EFD-9A5C-F40C5D6F3627}.Release|x64.ActiveCfg = Release|x64
		{CE697591-31BA-4EFD-9A5C-F40C5D6F3627}.Release|x64.Build.0 = Release|x64
		{CE697591-31BA-4EFD-9A5C-F40C5D6F3627}.Release|x86.ActiveCfg = Release|x86
		{CE697591-31BA-4EFD-9A5C-F40C5D6F3627}.Release|x86.Build.0 = Release|x86
		{78E4D47B-CBF3-4CF0-85A8-1C91694EB6AC}.Debug|Any CPU.ActiveCfg = Debug|Any CPU
		{78E4D47B-CBF3-4CF0-85A8-1C91694EB6AC}.Debug|Any CPU.Build.0 = Debug|Any CPU
		{78E4D47B-CBF3-4CF0-85A8-1C91694EB6AC}.Debug|ARM.ActiveCfg = Debug|ARM
		{78E4D47B-CBF3-4CF0-85A8-1C91694EB6AC}.Debug|ARM.Build.0 = Debug|ARM
		{78E4D47B-CBF3-4CF0-85A8-1C91694EB6AC}.Debug|ARM64.ActiveCfg = Debug|ARM64
		{78E4D47B-CBF3-4CF0-85A8-1C91694EB6AC}.Debug|ARM64.Build.0 = Debug|ARM64
		{78E4D47B-CBF3-4CF0-85A8-1C91694EB6AC}.Debug|x64.ActiveCfg = Debug|x64
		{78E4D47B-CBF3-4CF0-85A8-1C91694EB6AC}.Debug|x64.Build.0 = Debug|x64
		{78E4D47B-CBF3-4CF0-85A8-1C91694EB6AC}.Debug|x86.ActiveCfg = Debug|x86
		{78E4D47B-CBF3-4CF0-85A8-1C91694EB6AC}.Debug|x86.Build.0 = Debug|x86
		{78E4D47B-CBF3-4CF0-85A8-1C91694EB6AC}.Release|Any CPU.ActiveCfg = Release|Any CPU
		{78E4D47B-CBF3-4CF0-85A8-1C91694EB6AC}.Release|Any CPU.Build.0 = Release|Any CPU
		{78E4D47B-CBF3-4CF0-85A8-1C91694EB6AC}.Release|ARM.ActiveCfg = Release|ARM
		{78E4D47B-CBF3-4CF0-85A8-1C91694EB6AC}.Release|ARM.Build.0 = Release|ARM
		{78E4D47B-CBF3-4CF0-85A8-1C91694EB6AC}.Release|ARM64.ActiveCfg = Release|ARM64
		{78E4D47B-CBF3-4CF0-85A8-1C91694EB6AC}.Release|ARM64.Build.0 = Release|ARM64
		{78E4D47B-CBF3-4CF0-85A8-1C91694EB6AC}.Release|x64.ActiveCfg = Release|x64
		{78E4D47B-CBF3-4CF0-85A8-1C91694EB6AC}.Release|x64.Build.0 = Release|x64
		{78E4D47B-CBF3-4CF0-85A8-1C91694EB6AC}.Release|x86.ActiveCfg = Release|x86
		{78E4D47B-CBF3-4CF0-85A8-1C91694EB6AC}.Release|x86.Build.0 = Release|x86
	EndGlobalSection
	GlobalSection(SolutionProperties) = preSolution
		HideSolutionNode = FALSE
	EndGlobalSection
	GlobalSection(ExtensibilityGlobals) = postSolution
		SolutionGuid = {C60F78F0-C245-4F22-BA69-930986885E43}
	EndGlobalSection
EndGlobal
